
Microsoft Visual Studio Solution File, Format Version 12.00
# Visual Studio Version 16
VisualStudioVersion = 16.0.31911.196
MinimumVisualStudioVersion = 10.0.40219.1
Project("{FAE04EC0-301F-11D3-BF4B-00C04F79EFBC}") = "BlazorPnPTest", "BlazorPnPTest.csproj", "{6BDF686F-91EC-4BE4-BDF2-EFB82DFB2606}"
EndProject
Global
	GlobalSection(SolutionConfigurationPlatforms) = preSolution
		Debug|Any CPU = Debug|Any CPU
		Release|Any CPU = Release|Any CPU
	EndGlobalSection
	GlobalSection(ProjectConfigurationPlatforms) = postSolution
		{6BDF686F-91EC-4BE4-BDF2-EFB82DFB2606}.Debug|Any CPU.ActiveCfg = Debug|Any CPU
		{6BDF686F-91EC-4BE4-BDF2-EFB82DFB2606}.Debug|Any CPU.Build.0 = Debug|Any CPU
		{6BDF686F-91EC-4BE4-BDF2-EFB82DFB2606}.Release|Any CPU.ActiveCfg = Release|Any CPU
		{6BDF686F-91EC-4BE4-BDF2-EFB82DFB2606}.Release|Any CPU.Build.0 = Release|Any CPU
	EndGlobalSection
	GlobalSection(SolutionProperties) = preSolution
		HideSolutionNode = FALSE
	EndGlobalSection
	GlobalSection(ExtensibilityGlobals) = postSolution
		SolutionGuid = {906E4A82-7CD7-413D-AA13-1EE054B2E17B}
	EndGlobalSection
EndGlobal
